// !$*UTF8*$!
{
	archiveVersion = 1;
	classes = {
	};
	objectVersion = 56;
	objects = {

/* Begin PBXBuildFile section */
		BE373C2C2A61992F00D40B6E /* FirstViewController.swift in Sources */ = {isa = PBXBuildFile; fileRef = BE373C2B2A61992F00D40B6E /* FirstViewController.swift */; };
		BE373C302A619E5900D40B6E /* SecViewController.swift in Sources */ = {isa = PBXBuildFile; fileRef = BE373C2F2A619E5900D40B6E /* SecViewController.swift */; };
		BEAD5A462A5838810099DEB1 /* AppDelegate.swift in Sources */ = {isa = PBXBuildFile; fileRef = BEAD5A452A5838810099DEB1 /* AppDelegate.swift */; };
		BEAD5A482A5838810099DEB1 /* SceneDelegate.swift in Sources */ = {isa = PBXBuildFile; fileRef = BEAD5A472A5838810099DEB1 /* SceneDelegate.swift */; };
		BEAD5A4A2A5838810099DEB1 /* ViewController.swift in Sources */ = {isa = PBXBuildFile; fileRef = BEAD5A492A5838810099DEB1 /* ViewController.swift */; };
		BEAD5A4D2A5838810099DEB1 /* Main.storyboard in Resources */ = {isa = PBXBuildFile; fileRef = BEAD5A4B2A5838810099DEB1 /* Main.storyboard */; };
		BEAD5A502A5838810099DEB1 /* Travel_Book.xcdatamodeld in Sources */ = {isa = PBXBuildFile; fileRef = BEAD5A4E2A5838810099DEB1 /* Travel_Book.xcdatamodeld */; };
		BEAD5A522A5838820099DEB1 /* Assets.xcassets in Resources */ = {isa = PBXBuildFile; fileRef = BEAD5A512A5838820099DEB1 /* Assets.xcassets */; };
		BEAD5A552A5838820099DEB1 /* LaunchScreen.storyboard in Resources */ = {isa = PBXBuildFile; fileRef = BEAD5A532A5838820099DEB1 /* LaunchScreen.storyboard */; };
		BEE7C17E2A58CE9900121CEF /* world.gif in Resources */ = {isa = PBXBuildFile; fileRef = BEE7C17D2A58CE9900121CEF /* world.gif */; };
		BEE7C1802A58CF1400121CEF /* gifWorld.swift in Sources */ = {isa = PBXBuildFile; fileRef = BEE7C17F2A58CF1400121CEF /* gifWorld.swift */; };
/* End PBXBuildFile section */

/* Begin PBXFileReference section */
		BE373C2B2A61992F00D40B6E /* FirstViewController.swift */ = {isa = PBXFileReference; lastKnownFileType = sourcecode.swift; path = FirstViewController.swift; sourceTree = "<group>"; };
		BE373C2F2A619E5900D40B6E /* SecViewController.swift */ = {isa = PBXFileReference; lastKnownFileType = sourcecode.swift; path = SecViewController.swift; sourceTree = "<group>"; };
		BEAD5A422A5838810099DEB1 /* Travel Book.app */ = {isa = PBXFileReference; explicitFileType = wrapper.application; includeInIndex = 0; path = "Travel Book.app"; sourceTree = BUILT_PRODUCTS_DIR; };
		BEAD5A452A5838810099DEB1 /* AppDelegate.swift */ = {isa = PBXFileReference; lastKnownFileType = sourcecode.swift; path = AppDelegate.swift; sourceTree = "<group>"; };
		BEAD5A472A5838810099DEB1 /* SceneDelegate.swift */ = {isa = PBXFileReference; lastKnownFileType = sourcecode.swift; path = SceneDelegate.swift; sourceTree = "<group>"; };
		BEAD5A492A5838810099DEB1 /* ViewController.swift */ = {isa = PBXFileReference; lastKnownFileType = sourcecode.swift; path = ViewController.swift; sourceTree = "<group>"; };
		BEAD5A4C2A5838810099DEB1 /* Base */ = {isa = PBXFileReference; lastKnownFileType = file.storyboard; name = Base; path = Base.lproj/Main.storyboard; sourceTree = "<group>"; };
		BEAD5A4F2A5838810099DEB1 /* Travel_Book.xcdatamodel */ = {isa = PBXFileReference; lastKnownFileType = wrapper.xcdatamodel; path = Travel_Book.xcdatamodel; sourceTree = "<group>"; };
		BEAD5A512A5838820099DEB1 /* Assets.xcassets */ = {isa = PBXFileReference; lastKnownFileType = folder.assetcatalog; path = Assets.xcassets; sourceTree = "<group>"; };
		BEAD5A542A5838820099DEB1 /* Base */ = {isa = PBXFileReference; lastKnownFileType = file.storyboard; name = Base; path = Base.lproj/LaunchScreen.storyboard; sourceTree = "<group>"; };
		BEAD5A562A5838820099DEB1 /* Info.plist */ = {isa = PBXFileReference; lastKnownFileType = text.plist.xml; path = Info.plist; sourceTree = "<group>"; };
		BEE7C17D2A58CE9900121CEF /* world.gif */ = {isa = PBXFileReference; lastKnownFileType = image.gif; path = world.gif; sourceTree = "<group>"; };
		BEE7C17F2A58CF1400121CEF /* gifWorld.swift */ = {isa = PBXFileReference; lastKnownFileType = sourcecode.swift; path = gifWorld.swift; sourceTree = "<group>"; };
/* End PBXFileReference section */

/* Begin PBXFrameworksBuildPhase section */
		BEAD5A3F2A5838810099DEB1 /* Frameworks */ = {
			isa = PBXFrameworksBuildPhase;
			buildActionMask = 2147483647;
			files = (
			);
			runOnlyForDeploymentPostprocessing = 0;
		};
/* End PBXFrameworksBuildPhase section */

/* Begin PBXGroup section */
		BEAD5A392A5838810099DEB1 = {
			isa = PBXGroup;
			children = (
				BEAD5A442A5838810099DEB1 /* Travel Book */,
				BEAD5A432A5838810099DEB1 /* Products */,
			);
			sourceTree = "<group>";
		};
		BEAD5A432A5838810099DEB1 /* Products */ = {
			isa = PBXGroup;
			children = (
				BEAD5A422A5838810099DEB1 /* Travel Book.app */,
			);
			name = Products;
			sourceTree = "<group>";
		};
		BEAD5A442A5838810099DEB1 /* Travel Book */ = {
			isa = PBXGroup;
			children = (
				BEE7C17D2A58CE9900121CEF /* world.gif */,
				BEAD5A452A5838810099DEB1 /* AppDelegate.swift */,
				BEAD5A472A5838810099DEB1 /* SceneDelegate.swift */,
				BE373C2B2A61992F00D40B6E /* FirstViewController.swift */,
				BE373C2F2A619E5900D40B6E /* SecViewController.swift */,
				BEAD5A492A5838810099DEB1 /* ViewController.swift */,
				BEE7C17F2A58CF1400121CEF /* gifWorld.swift */,
				BEAD5A4B2A5838810099DEB1 /* Main.storyboard */,
				BEAD5A512A5838820099DEB1 /* Assets.xcassets */,
				BEAD5A532A5838820099DEB1 /* LaunchScreen.storyboard */,
				BEAD5A562A5838820099DEB1 /* Info.plist */,
				BEAD5A4E2A5838810099DEB1 /* Travel_Book.xcdatamodeld */,
			);
			path = "Travel Book";
			sourceTree = "<group>";
		};
/* End PBXGroup section */

/* Begin PBXNativeTarget section */
		BEAD5A412A5838810099DEB1 /* Travel Book */ = {
			isa = PBXNativeTarget;
			buildConfigurationList = BEAD5A592A5838820099DEB1 /* Build configuration list for PBXNativeTarget "Travel Book" */;
			buildPhases = (
				BEAD5A3E2A5838810099DEB1 /* Sources */,
				BEAD5A3F2A5838810099DEB1 /* Frameworks */,
				BEAD5A402A5838810099DEB1 /* Resources */,
			);
			buildRules = (
			);
			dependencies = (
			);
			name = "Travel Book";
			productName = "Travel Book";
			productReference = BEAD5A422A5838810099DEB1 /* Travel Book.app */;
			productType = "com.apple.product-type.application";
		};
/* End PBXNativeTarget section */

/* Begin PBXProject section */
		BEAD5A3A2A5838810099DEB1 /* Project object */ = {
			isa = PBXProject;
			attributes = {
				BuildIndependentTargetsInParallel = 1;
				LastSwiftUpdateCheck = 1430;
				LastUpgradeCheck = 1430;
				TargetAttributes = {
					BEAD5A412A5838810099DEB1 = {
						CreatedOnToolsVersion = 14.3.1;
					};
				};
			};
			buildConfigurationList = BEAD5A3D2A5838810099DEB1 /* Build configuration list for PBXProject "Travel Book" */;
			compatibilityVersion = "Xcode 14.0";
			developmentRegion = en;
			hasScannedForEncodings = 0;
			knownRegions = (
				en,
				Base,
			);
			mainGroup = BEAD5A392A5838810099DEB1;
			productRefGroup = BEAD5A432A5838810099DEB1 /* Products */;
			projectDirPath = "";
			projectRoot = "";
			targets = (
				BEAD5A412A5838810099DEB1 /* Travel Book */,
			);
		};
/* End PBXProject section */

/* Begin PBXResourcesBuildPhase section */
		BEAD5A402A5838810099DEB1 /* Resources */ = {
			isa = PBXResourcesBuildPhase;
			buildActionMask = 2147483647;
			files = (
				BEAD5A552A5838820099DEB1 /* LaunchScreen.storyboard in Resources */,
				BEE7C17E2A58CE9900121CEF /* world.gif in Resources */,
				BEAD5A522A5838820099DEB1 /* Assets.xcassets in Resources */,
				BEAD5A4D2A5838810099DEB1 /* Main.storyboard in Resources */,
			);
			runOnlyForDeploymentPostprocessing = 0;
		};
/* End PBXResourcesBuildPhase section */

/* Begin PBXSourcesBuildPhase section */
		BEAD5A3E2A5838810099DEB1 /* Sources */ = {
			isa = PBXSourcesBuildPhase;
			buildActionMask = 2147483647;
			files = (
				BEAD5A502A5838810099DEB1 /* Travel_Book.xcdatamodeld in Sources */,
				BEAD5A4A2A5838810099DEB1 /* ViewController.swift in Sources */,
				BE373C302A619E5900D40B6E /* SecViewController.swift in Sources */,
				BEAD5A462A5838810099DEB1 /* AppDelegate.swift in Sources */,
				BE373C2C2A61992F00D40B6E /* FirstViewController.swift in Sources */,
				BEAD5A482A5838810099DEB1 /* SceneDelegate.swift in Sources */,
				BEE7C1802A58CF1400121CEF /* gifWorld.swift in Sources */,
			);
			runOnlyForDeploymentPostprocessing = 0;
		};
/* End PBXSourcesBuildPhase section */

/* Begin PBXVariantGroup section */
		BEAD5A4B2A5838810099DEB1 /* Main.storyboard */ = {
			isa = PBXVariantGroup;
			children = (
				BEAD5A4C2A5838810099DEB1 /* Base */,
			);
			name = Main.storyboard;
			sourceTree = "<group>";
		};
		BEAD5A532A5838820099DEB1 /* LaunchScreen.storyboard */ = {
			isa = PBXVariantGroup;
			children = (
				BEAD5A542A5838820099DEB1 /* Base */,
			);
			name = LaunchScreen.storyboard;
			sourceTree = "<group>";
		};
/* End PBXVariantGroup section */

/* Begin XCBuildConfiguration section */
		BEAD5A572A5838820099DEB1 /* Debug */ = {
			isa = XCBuildConfiguration;
			buildSettings = {
				ALWAYS_SEARCH_USER_PATHS = NO;
				CLANG_ANALYZER_NONNULL = YES;
				CLANG_ANALYZER_NUMBER_OBJECT_CONVERSION = YES_AGGRESSIVE;
				CLANG_CXX_LANGUAGE_STANDARD = "gnu++20";
				CLANG_ENABLE_MODULES = YES;
				CLANG_ENABLE_OBJC_ARC = YES;
				CLANG_ENABLE_OBJC_WEAK = YES;
				CLANG_WARN_BLOCK_CAPTURE_AUTORELEASING = YES;
				CLANG_WARN_BOOL_CONVERSION = YES;
				CLANG_WARN_COMMA = YES;
				CLANG_WARN_CONSTANT_CONVERSION = YES;
				CLANG_WARN_DEPRECATED_OBJC_IMPLEMENTATIONS = YES;
				CLANG_WARN_DIRECT_OBJC_ISA_USAGE = YES_ERROR;
				CLANG_WARN_DOCUMENTATION_COMMENTS = YES;
				CLANG_WARN_EMPTY_BODY = YES;
				CLANG_WARN_ENUM_CONVERSION = YES;
				CLANG_WARN_INFINITE_RECURSION = YES;
				CLANG_WARN_INT_CONVERSION = YES;
				CLANG_WARN_NON_LITERAL_NULL_CONVERSION = YES;
				CLANG_WARN_OBJC_IMPLICIT_RETAIN_SELF = YES;
				CLANG_WARN_OBJC_LITERAL_CONVERSION = YES;
				CLANG_WARN_OBJC_ROOT_CLASS = YES_ERROR;
				CLANG_WARN_QUOTED_INCLUDE_IN_FRAMEWORK_HEADER = YES;
				CLANG_WARN_RANGE_LOOP_ANALYSIS = YES;
				CLANG_WARN_STRICT_PROTOTYPES = YES;
				CLANG_WARN_SUSPICIOUS_MOVE = YES;
				CLANG_WARN_UNGUARDED_AVAILABILITY = YES_AGGRESSIVE;
				CLANG_WARN_UNREACHABLE_CODE = YES;
				CLANG_WARN__DUPLICATE_METHOD_MATCH = YES;
				COPY_PHASE_STRIP = NO;
				DEBUG_INFORMATION_FORMAT = dwarf;
				ENABLE_STRICT_OBJC_MSGSEND = YES;
				ENABLE_TESTABILITY = YES;
				GCC_C_LANGUAGE_STANDARD = gnu11;
				GCC_DYNAMIC_NO_PIC = NO;
				GCC_NO_COMMON_BLOCKS = YES;
				GCC_OPTIMIZATION_LEVEL = 0;
				GCC_PREPROCESSOR_DEFINITIONS = (
					"DEBUG=1",
					"$(inherited)",
				);
				GCC_WARN_64_TO_32_BIT_CONVERSION = YES;
				GCC_WARN_ABOUT_RETURN_TYPE = YES_ERROR;
				GCC_WARN_UNDECLARED_SELECTOR = YES;
				GCC_WARN_UNINITIALIZED_AUTOS = YES_AGGRESSIVE;
				GCC_WARN_UNUSED_FUNCTION = YES;
				GCC_WARN_UNUSED_VARIABLE = YES;
				IPHONEOS_DEPLOYMENT_TARGET = 16.4;
				MTL_ENABLE_DEBUG_INFO = INCLUDE_SOURCE;
				MTL_FAST_MATH = YES;
				ONLY_ACTIVE_ARCH = YES;
				SDKROOT = iphoneos;
				SWIFT_ACTIVE_COMPILATION_CONDITIONS = DEBUG;
				SWIFT_OPTIMIZATION_LEVEL = "-Onone";
			};
			name = Debug;
		};
		BEAD5A582A5838820099DEB1 /* Release */ = {
			isa = XCBuildConfiguration;
			buildSettings = {
				ALWAYS_SEARCH_USER_PATHS = NO;
				CLANG_ANALYZER_NONNULL = YES;
				CLANG_ANALYZER_NUMBER_OBJECT_CONVERSION = YES_AGGRESSIVE;
				CLANG_CXX_LANGUAGE_STANDARD = "gnu++20";
				CLANG_ENABLE_MODULES = YES;
				CLANG_ENABLE_OBJC_ARC = YES;
				CLANG_ENABLE_OBJC_WEAK = YES;
				CLANG_WARN_BLOCK_CAPTURE_AUTORELEASING = YES;
				CLANG_WARN_BOOL_CONVERSION = YES;
				CLANG_WARN_COMMA = YES;
				CLANG_WARN_CONSTANT_CONVERSION = YES;
				CLANG_WARN_DEPRECATED_OBJC_IMPLEMENTATIONS = YES;
				CLANG_WARN_DIRECT_OBJC_ISA_USAGE = YES_ERROR;
				CLANG_WARN_DOCUMENTATION_COMMENTS = YES;
				CLANG_WARN_EMPTY_BODY = YES;
				CLANG_WARN_ENUM_CONVERSION = YES;
				CLANG_WARN_INFINITE_RECURSION = YES;
				CLANG_WARN_INT_CONVERSION = YES;
				CLANG_WARN_NON_LITERAL_NULL_CONVERSION = YES;
				CLANG_WARN_OBJC_IMPLICIT_RETAIN_SELF = YES;
				CLANG_WARN_OBJC_LITERAL_CONVERSION = YES;
				CLANG_WARN_OBJC_ROOT_CLASS = YES_ERROR;
				CLANG_WARN_QUOTED_INCLUDE_IN_FRAMEWORK_HEADER = YES;
				CLANG_WARN_RANGE_LOOP_ANALYSIS = YES;
				CLANG_WARN_STRICT_PROTOTYPES = YES;
				CLANG_WARN_SUSPICIOUS_MOVE = YES;
				CLANG_WARN_UNGUARDED_AVAILABILITY = YES_AGGRESSIVE;
				CLANG_WARN_UNREACHABLE_CODE = YES;
				CLANG_WARN__DUPLICATE_METHOD_MATCH = YES;
				COPY_PHASE_STRIP = NO;
				DEBUG_INFORMATION_FORMAT = "dwarf-with-dsym";
				ENABLE_NS_ASSERTIONS = NO;
				ENABLE_STRICT_OBJC_MSGSEND = YES;
				GCC_C_LANGUAGE_STANDARD = gnu11;
				GCC_NO_COMMON_BLOCKS = YES;
				GCC_WARN_64_TO_32_BIT_CONVERSION = YES;
				GCC_WARN_ABOUT_RETURN_TYPE = YES_ERROR;
				GCC_WARN_UNDECLARED_SELECTOR = YES;
				GCC_WARN_UNINITIALIZED_AUTOS = YES_AGGRESSIVE;
				GCC_WARN_UNUSED_FUNCTION = YES;
				GCC_WARN_UNUSED_VARIABLE = YES;
				IPHONEOS_DEPLOYMENT_TARGET = 16.4;
				MTL_ENABLE_DEBUG_INFO = NO;
				MTL_FAST_MATH = YES;
				SDKROOT = iphoneos;
				SWIFT_COMPILATION_MODE = wholemodule;
				SWIFT_OPTIMIZATION_LEVEL = "-O";
				VALIDATE_PRODUCT = YES;
			};
			name = Release;
		};
		BEAD5A5A2A5838820099DEB1 /* Debug */ = {
			isa = XCBuildConfiguration;
			buildSettings = {
				ASSETCATALOG_COMPILER_APPICON_NAME = AppIcon;
				ASSETCATALOG_COMPILER_GLOBAL_ACCENT_COLOR_NAME = AccentColor;
				CODE_SIGN_STYLE = Automatic;
				CURRENT_PROJECT_VERSION = 1;
				GENERATE_INFOPLIST_FILE = YES;
				INFOPLIST_FILE = "Travel Book/Info.plist";
				INFOPLIST_KEY_UIApplicationSupportsIndirectInputEvents = YES;
				INFOPLIST_KEY_UILaunchStoryboardName = LaunchScreen;
				INFOPLIST_KEY_UIMainStoryboardFile = Main;
				INFOPLIST_KEY_UISupportedInterfaceOrientations_iPad = "UIInterfaceOrientationPortrait UIInterfaceOrientationPortraitUpsideDown UIInterfaceOrientationLandscapeLeft UIInterfaceOrientationLandscapeRight";
				INFOPLIST_KEY_UISupportedInterfaceOrientations_iPhone = "UIInterfaceOrientationPortrait UIInterfaceOrientationLandscapeLeft UIInterfaceOrientationLandscapeRight";
				LD_RUNPATH_SEARCH_PATHS = (
					"$(inherited)",
					"@executable_path/Frameworks",
				);
				MARKETING_VERSION = 1.0;
				PRODUCT_BUNDLE_IDENTIFIER = "efekanguvendik.com.Travel-Book";
				PRODUCT_NAME = "$(TARGET_NAME)";
				SWIFT_EMIT_LOC_STRINGS = YES;
				SWIFT_VERSION = 5.0;
				TARGETED_DEVICE_FAMILY = "1,2";
			};
			name = Debug;
		};
		BEAD5A5B2A5838820099DEB1 /* Release */ = {
			isa = XCBuildConfiguration;
			buildSettings = {
				ASSETCATALOG_COMPILER_APPICON_NAME = AppIcon;
				ASSETCATALOG_COMPILER_GLOBAL_ACCENT_COLOR_NAME = AccentColor;
				CODE_SIGN_STYLE = Automatic;
				CURRENT_PROJECT_VERSION = 1;
				GENERATE_INFOPLIST_FILE = YES;
				INFOPLIST_FILE = "Travel Book/Info.plist";
				INFOPLIST_KEY_UIApplicationSupportsIndirectInputEvents = YES;
				INFOPLIST_KEY_UILaunchStoryboardName = LaunchScreen;
				INFOPLIST_KEY_UIMainStoryboardFile = Main;
				INFOPLIST_KEY_UISupportedInterfaceOrientations_iPad = "UIInterfaceOrientationPortrait UIInterfaceOrientationPortraitUpsideDown UIInterfaceOrientationLandscapeLeft UIInterfaceOrientationLandscapeRight";
				INFOPLIST_KEY_UISupportedInterfaceOrientations_iPhone = "UIInterfaceOrientationPortrait UIInterfaceOrientationLandscapeLeft UIInterfaceOrientationLandscapeRight";
				LD_RUNPATH_SEARCH_PATHS = (
					"$(inherited)",
					"@executable_path/Frameworks",
				);
				MARKETING_VERSION = 1.0;
				PRODUCT_BUNDLE_IDENTIFIER = "efekanguvendik.com.Travel-Book";
				PRODUCT_NAME = "$(TARGET_NAME)";
				SWIFT_EMIT_LOC_STRINGS = YES;
				SWIFT_VERSION = 5.0;
				TARGETED_DEVICE_FAMILY = "1,2";
			};
			name = Release;
		};
/* End XCBuildConfiguration section */

/* Begin XCConfigurationList section */
		BEAD5A3D2A5838810099DEB1 /* Build configuration list for PBXProject "Travel Book" */ = {
			isa = XCConfigurationList;
			buildConfigurations = (
				BEAD5A572A5838820099DEB1 /* Debug */,
				BEAD5A582A5838820099DEB1 /* Release */,
			);
			defaultConfigurationIsVisible = 0;
			defaultConfigurationName = Release;
		};
		BEAD5A592A5838820099DEB1 /* Build configuration list for PBXNativeTarget "Travel Book" */ = {
			isa = XCConfigurationList;
			buildConfigurations = (
				BEAD5A5A2A5838820099DEB1 /* Debug */,
				BEAD5A5B2A5838820099DEB1 /* Release */,
			);
			defaultConfigurationIsVisible = 0;
			defaultConfigurationName = Release;
		};
/* End XCConfigurationList section */

/* Begin XCVersionGroup section */
		BEAD5A4E2A5838810099DEB1 /* Travel_Book.xcdatamodeld */ = {
			isa = XCVersionGroup;
			children = (
				BEAD5A4F2A5838810099DEB1 /* Travel_Book.xcdatamodel */,
			);
			currentVersion = BEAD5A4F2A5838810099DEB1 /* Travel_Book.xcdatamodel */;
			path = Travel_Book.xcdatamodeld;
			sourceTree = "<group>";
			versionGroupType = wrapper.xcdatamodel;
		};
/* End XCVersionGroup section */
	};
	rootObject = BEAD5A3A2A5838810099DEB1 /* Project object */;
}
